// !$*UTF8*$!
{
	archiveVersion = 1;
	classes = {
	};
	objectVersion = 46;
	objects = {

/* Begin PBXBuildFile section */
		2A2F71BF1EC3EDDB006AFDA6 /* main.m in Sources */ = {isa = PBXBuildFile; fileRef = 2A2F71BE1EC3EDDB006AFDA6 /* main.m */; };
		2A2F71C21EC3EDDB006AFDA6 /* AppDelegate.m in Sources */ = {isa = PBXBuildFile; fileRef = 2A2F71C11EC3EDDB006AFDA6 /* AppDelegate.m */; };
		2A2F71C51EC3EDDB006AFDA6 /* ViewController.m in Sources */ = {isa = PBXBuildFile; fileRef = 2A2F71C41EC3EDDB006AFDA6 /* ViewController.m */; };
		2A2F71C81EC3EDDB006AFDA6 /* Main.storyboard in Resources */ = {isa = PBXBuildFile; fileRef = 2A2F71C61EC3EDDB006AFDA6 /* Main.storyboard */; };
		2A2F71CA1EC3EDDB006AFDA6 /* Assets.xcassets in Resources */ = {isa = PBXBuildFile; fileRef = 2A2F71C91EC3EDDB006AFDA6 /* Assets.xcassets */; };
		2A2F71CD1EC3EDDB006AFDA6 /* LaunchScreen.storyboard in Resources */ = {isa = PBXBuildFile; fileRef = 2A2F71CB1EC3EDDB006AFDA6 /* LaunchScreen.storyboard */; };
		2A2F71D81EC3EDDC006AFDA6 /* SortCodeTests.m in Sources */ = {isa = PBXBuildFile; fileRef = 2A2F71D71EC3EDDC006AFDA6 /* SortCodeTests.m */; };
		2A2F71E31EC3EDDC006AFDA6 /* SortCodeUITests.m in Sources */ = {isa = PBXBuildFile; fileRef = 2A2F71E21EC3EDDC006AFDA6 /* SortCodeUITests.m */; };
/* End PBXBuildFile section */

/* Begin PBXContainerItemProxy section */
		2A2F71D41EC3EDDC006AFDA6 /* PBXContainerItemProxy */ = {
			isa = PBXContainerItemProxy;
			containerPortal = 2A2F71B21EC3EDDB006AFDA6 /* Project object */;
			proxyType = 1;
			remoteGlobalIDString = 2A2F71B91EC3EDDB006AFDA6;
			remoteInfo = SortCode;
		};
		2A2F71DF1EC3EDDC006AFDA6 /* PBXContainerItemProxy */ = {
			isa = PBXContainerItemProxy;
			containerPortal = 2A2F71B21EC3EDDB006AFDA6 /* Project object */;
			proxyType = 1;
			remoteGlobalIDString = 2A2F71B91EC3EDDB006AFDA6;
			remoteInfo = SortCode;
		};
/* End PBXContainerItemProxy section */

/* Begin PBXFileReference section */
		2A2F71BA1EC3EDDB006AFDA6 /* SortCode.app */ = {isa = PBXFileReference; explicitFileType = wrapper.application; includeInIndex = 0; path = SortCode.app; sourceTree = BUILT_PRODUCTS_DIR; };
		2A2F71BE1EC3EDDB006AFDA6 /* main.m */ = {isa = PBXFileReference; lastKnownFileType = sourcecode.c.objc; path = main.m; sourceTree = "<group>"; };
		2A2F71C01EC3EDDB006AFDA6 /* AppDelegate.h */ = {isa = PBXFileReference; lastKnownFileType = sourcecode.c.h; path = AppDelegate.h; sourceTree = "<group>"; };
		2A2F71C11EC3EDDB006AFDA6 /* AppDelegate.m */ = {isa = PBXFileReference; lastKnownFileType = sourcecode.c.objc; path = AppDelegate.m; sourceTree = "<group>"; };
		2A2F71C31EC3EDDB006AFDA6 /* ViewController.h */ = {isa = PBXFileReference; lastKnownFileType = sourcecode.c.h; path = ViewController.h; sourceTree = "<group>"; };
		2A2F71C41EC3EDDB006AFDA6 /* ViewController.m */ = {isa = PBXFileReference; lastKnownFileType = sourcecode.c.objc; path = ViewController.m; sourceTree = "<group>"; };
		2A2F71C71EC3EDDB006AFDA6 /* Base */ = {isa = PBXFileReference; lastKnownFileType = file.storyboard; name = Base; path = Base.lproj/Main.storyboard; sourceTree = "<group>"; };
		2A2F71C91EC3EDDB006AFDA6 /* Assets.xcassets */ = {isa = PBXFileReference; lastKnownFileType = folder.assetcatalog; path = Assets.xcassets; sourceTree = "<group>"; };
		2A2F71CC1EC3EDDB006AFDA6 /* Base */ = {isa = PBXFileReference; lastKnownFileType = file.storyboard; name = Base; path = Base.lproj/LaunchScreen.storyboard; sourceTree = "<group>"; };
		2A2F71CE1EC3EDDB006AFDA6 /* Info.plist */ = {isa = PBXFileReference; lastKnownFileType = text.plist.xml; path = Info.plist; sourceTree = "<group>"; };
		2A2F71D31EC3EDDC006AFDA6 /* SortCodeTests.xctest */ = {isa = PBXFileReference; explicitFileType = wrapper.cfbundle; includeInIndex = 0; path = SortCodeTests.xctest; sourceTree = BUILT_PRODUCTS_DIR; };
		2A2F71D71EC3EDDC006AFDA6 /* SortCodeTests.m */ = {isa = PBXFileReference; lastKnownFileType = sourcecode.c.objc; path = SortCodeTests.m; sourceTree = "<group>"; };
		2A2F71D91EC3EDDC006AFDA6 /* Info.plist */ = {isa = PBXFileReference; lastKnownFileType = text.plist.xml; path = Info.plist; sourceTree = "<group>"; };
		2A2F71DE1EC3EDDC006AFDA6 /* SortCodeUITests.xctest */ = {isa = PBXFileReference; explicitFileType = wrapper.cfbundle; includeInIndex = 0; path = SortCodeUITests.xctest; sourceTree = BUILT_PRODUCTS_DIR; };
		2A2F71E21EC3EDDC006AFDA6 /* SortCodeUITests.m */ = {isa = PBXFileReference; lastKnownFileType = sourcecode.c.objc; path = SortCodeUITests.m; sourceTree = "<group>"; };
		2A2F71E41EC3EDDC006AFDA6 /* Info.plist */ = {isa = PBXFileReference; lastKnownFileType = text.plist.xml; path = Info.plist; sourceTree = "<group>"; };
/* End PBXFileReference section */

/* Begin PBXFrameworksBuildPhase section */
		2A2F71B71EC3EDDB006AFDA6 /* Frameworks */ = {
			isa = PBXFrameworksBuildPhase;
			buildActionMask = 2147483647;
			files = (
			);
			runOnlyForDeploymentPostprocessing = 0;
		};
		2A2F71D01EC3EDDC006AFDA6 /* Frameworks */ = {
			isa = PBXFrameworksBuildPhase;
			buildActionMask = 2147483647;
			files = (
			);
			runOnlyForDeploymentPostprocessing = 0;
		};
		2A2F71DB1EC3EDDC006AFDA6 /* Frameworks */ = {
			isa = PBXFrameworksBuildPhase;
			buildActionMask = 2147483647;
			files = (
			);
			runOnlyForDeploymentPostprocessing = 0;
		};
/* End PBXFrameworksBuildPhase section */

/* Begin PBXGroup section */
		2A2F71B11EC3EDDB006AFDA6 = {
			isa = PBXGroup;
			children = (
				2A2F71BC1EC3EDDB006AFDA6 /* SortCode */,
				2A2F71D61EC3EDDC006AFDA6 /* SortCodeTests */,
				2A2F71E11EC3EDDC006AFDA6 /* SortCodeUITests */,
				2A2F71BB1EC3EDDB006AFDA6 /* Products */,
			);
			sourceTree = "<group>";
		};
		2A2F71BB1EC3EDDB006AFDA6 /* Products */ = {
			isa = PBXGroup;
			children = (
				2A2F71BA1EC3EDDB006AFDA6 /* SortCode.app */,
				2A2F71D31EC3EDDC006AFDA6 /* SortCodeTests.xctest */,
				2A2F71DE1EC3EDDC006AFDA6 /* SortCodeUITests.xctest */,
			);
			name = Products;
			sourceTree = "<group>";
		};
		2A2F71BC1EC3EDDB006AFDA6 /* SortCode */ = {
			isa = PBXGroup;
			children = (
				2A2F71C01EC3EDDB006AFDA6 /* AppDelegate.h */,
				2A2F71C11EC3EDDB006AFDA6 /* AppDelegate.m */,
				2A2F71C31EC3EDDB006AFDA6 /* ViewController.h */,
				2A2F71C41EC3EDDB006AFDA6 /* ViewController.m */,
				2A2F71C61EC3EDDB006AFDA6 /* Main.storyboard */,
				2A2F71C91EC3EDDB006AFDA6 /* Assets.xcassets */,
				2A2F71CB1EC3EDDB006AFDA6 /* LaunchScreen.storyboard */,
				2A2F71CE1EC3EDDB006AFDA6 /* Info.plist */,
				2A2F71BD1EC3EDDB006AFDA6 /* Supporting Files */,
			);
			path = SortCode;
			sourceTree = "<group>";
		};
		2A2F71BD1EC3EDDB006AFDA6 /* Supporting Files */ = {
			isa = PBXGroup;
			children = (
				2A2F71BE1EC3EDDB006AFDA6 /* main.m */,
			);
			name = "Supporting Files";
			sourceTree = "<group>";
		};
		2A2F71D61EC3EDDC006AFDA6 /* SortCodeTests */ = {
			isa = PBXGroup;
			children = (
				2A2F71D71EC3EDDC006AFDA6 /* SortCodeTests.m */,
				2A2F71D91EC3EDDC006AFDA6 /* Info.plist */,
			);
			path = SortCodeTests;
			sourceTree = "<group>";
		};
		2A2F71E11EC3EDDC006AFDA6 /* SortCodeUITests */ = {
			isa = PBXGroup;
			children = (
				2A2F71E21EC3EDDC006AFDA6 /* SortCodeUITests.m */,
				2A2F71E41EC3EDDC006AFDA6 /* Info.plist */,
			);
			path = SortCodeUITests;
			sourceTree = "<group>";
		};
/* End PBXGroup section */

/* Begin PBXNativeTarget section */
		2A2F71B91EC3EDDB006AFDA6 /* SortCode */ = {
			isa = PBXNativeTarget;
			buildConfigurationList = 2A2F71E71EC3EDDC006AFDA6 /* Build configuration list for PBXNativeTarget "SortCode" */;
			buildPhases = (
				2A2F71B61EC3EDDB006AFDA6 /* Sources */,
				2A2F71B71EC3EDDB006AFDA6 /* Frameworks */,
				2A2F71B81EC3EDDB006AFDA6 /* Resources */,
			);
			buildRules = (
			);
			dependencies = (
			);
			name = SortCode;
			productName = SortCode;
			productReference = 2A2F71BA1EC3EDDB006AFDA6 /* SortCode.app */;
			productType = "com.apple.product-type.application";
		};
		2A2F71D21EC3EDDC006AFDA6 /* SortCodeTests */ = {
			isa = PBXNativeTarget;
			buildConfigurationList = 2A2F71EA1EC3EDDC006AFDA6 /* Build configuration list for PBXNativeTarget "SortCodeTests" */;
			buildPhases = (
				2A2F71CF1EC3EDDC006AFDA6 /* Sources */,
				2A2F71D01EC3EDDC006AFDA6 /* Frameworks */,
				2A2F71D11EC3EDDC006AFDA6 /* Resources */,
			);
			buildRules = (
			);
			dependencies = (
				2A2F71D51EC3EDDC006AFDA6 /* PBXTargetDependency */,
			);
			name = SortCodeTests;
			productName = SortCodeTests;
			productReference = 2A2F71D31EC3EDDC006AFDA6 /* SortCodeTests.xctest */;
			productType = "com.apple.product-type.bundle.unit-test";
		};
		2A2F71DD1EC3EDDC006AFDA6 /* SortCodeUITests */ = {
			isa = PBXNativeTarget;
			buildConfigurationList = 2A2F71ED1EC3EDDC006AFDA6 /* Build configuration list for PBXNativeTarget "SortCodeUITests" */;
			buildPhases = (
				2A2F71DA1EC3EDDC006AFDA6 /* Sources */,
				2A2F71DB1EC3EDDC006AFDA6 /* Frameworks */,
				2A2F71DC1EC3EDDC006AFDA6 /* Resources */,
			);
			buildRules = (
			);
			dependencies = (
				2A2F71E01EC3EDDC006AFDA6 /* PBXTargetDependency */,
			);
			name = SortCodeUITests;
			productName = SortCodeUITests;
			productReference = 2A2F71DE1EC3EDDC006AFDA6 /* SortCodeUITests.xctest */;
			productType = "com.apple.product-type.bundle.ui-testing";
		};
/* End PBXNativeTarget section */

/* Begin PBXProject section */
		2A2F71B21EC3EDDB006AFDA6 /* Project object */ = {
			isa = PBXProject;
			attributes = {
				LastUpgradeCheck = 0830;
				ORGANIZATIONNAME = DZQC;
				TargetAttributes = {
					2A2F71B91EC3EDDB006AFDA6 = {
						CreatedOnToolsVersion = 8.3.2;
						ProvisioningStyle = Automatic;
					};
					2A2F71D21EC3EDDC006AFDA6 = {
						CreatedOnToolsVersion = 8.3.2;
						ProvisioningStyle = Automatic;
						TestTargetID = 2A2F71B91EC3EDDB006AFDA6;
					};
					2A2F71DD1EC3EDDC006AFDA6 = {
						CreatedOnToolsVersion = 8.3.2;
						ProvisioningStyle = Automatic;
						TestTargetID = 2A2F71B91EC3EDDB006AFDA6;
					};
				};
			};
			buildConfigurationList = 2A2F71B51EC3EDDB006AFDA6 /* Build configuration list for PBXProject "SortCode" */;
			compatibilityVersion = "Xcode 3.2";
			developmentRegion = English;
			hasScannedForEncodings = 0;
			knownRegions = (
				en,
				Base,
			);
			mainGroup = 2A2F71B11EC3EDDB006AFDA6;
			productRefGroup = 2A2F71BB1EC3EDDB006AFDA6 /* Products */;
			projectDirPath = "";
			projectRoot = "";
			targets = (
				2A2F71B91EC3EDDB006AFDA6 /* SortCode */,
				2A2F71D21EC3EDDC006AFDA6 /* SortCodeTests */,
				2A2F71DD1EC3EDDC006AFDA6 /* SortCodeUITests */,
			);
		};
/* End PBXProject section */

/* Begin PBXResourcesBuildPhase section */
		2A2F71B81EC3EDDB006AFDA6 /* Resources */ = {
			isa = PBXResourcesBuildPhase;
			buildActionMask = 2147483647;
			files = (
				2A2F71CD1EC3EDDB006AFDA6 /* LaunchScreen.storyboard in Resources */,
				2A2F71CA1EC3EDDB006AFDA6 /* Assets.xcassets in Resources */,
				2A2F71C81EC3EDDB006AFDA6 /* Main.storyboard in Resources */,
			);
			runOnlyForDeploymentPostprocessing = 0;
		};
		2A2F71D11EC3EDDC006AFDA6 /* Resources */ = {
			isa = PBXResourcesBuildPhase;
			buildActionMask = 2147483647;
			files = (
			);
			runOnlyForDeploymentPostprocessing = 0;
		};
		2A2F71DC1EC3EDDC006AFDA6 /* Resources */ = {
			isa = PBXResourcesBuildPhase;
			buildActionMask = 2147483647;
			files = (
			);
			runOnlyForDeploymentPostprocessing = 0;
		};
/* End PBXResourcesBuildPhase section */

/* Begin PBXSourcesBuildPhase section */
		2A2F71B61EC3EDDB006AFDA6 /* Sources */ = {
			isa = PBXSourcesBuildPhase;
			buildActionMask = 2147483647;
			files = (
				2A2F71C51EC3EDDB006AFDA6 /* ViewController.m in Sources */,
				2A2F71C21EC3EDDB006AFDA6 /* AppDelegate.m in Sources */,
				2A2F71BF1EC3EDDB006AFDA6 /* main.m in Sources */,
			);
			runOnlyForDeploymentPostprocessing = 0;
		};
		2A2F71CF1EC3EDDC006AFDA6 /* Sources */ = {
			isa = PBXSourcesBuildPhase;
			buildActionMask = 2147483647;
			files = (
				2A2F71D81EC3EDDC006AFDA6 /* SortCodeTests.m in Sources */,
			);
			runOnlyForDeploymentPostprocessing = 0;
		};
		2A2F71DA1EC3EDDC006AFDA6 /* Sources */ = {
			isa = PBXSourcesBuildPhase;
			buildActionMask = 2147483647;
			files = (
				2A2F71E31EC3EDDC006AFDA6 /* SortCodeUITests.m in Sources */,
			);
			runOnlyForDeploymentPostprocessing = 0;
		};
/* End PBXSourcesBuildPhase section */

/* Begin PBXTargetDependency section */
		2A2F71D51EC3EDDC006AFDA6 /* PBXTargetDependency */ = {
			isa = PBXTargetDependency;
			target = 2A2F71B91EC3EDDB006AFDA6 /* SortCode */;
			targetProxy = 2A2F71D41EC3EDDC006AFDA6 /* PBXContainerItemProxy */;
		};
		2A2F71E01EC3EDDC006AFDA6 /* PBXTargetDependency */ = {
			isa = PBXTargetDependency;
			target = 2A2F71B91EC3EDDB006AFDA6 /* SortCode */;
			targetProxy = 2A2F71DF1EC3EDDC006AFDA6 /* PBXContainerItemProxy */;
		};
/* End PBXTargetDependency section */

/* Begin PBXVariantGroup section */
		2A2F71C61EC3EDDB006AFDA6 /* Main.storyboard */ = {
			isa = PBXVariantGroup;
			children = (
				2A2F71C71EC3EDDB006AFDA6 /* Base */,
			);
			name = Main.storyboard;
			sourceTree = "<group>";
		};
		2A2F71CB1EC3EDDB006AFDA6 /* LaunchScreen.storyboard */ = {
			isa = PBXVariantGroup;
			children = (
				2A2F71CC1EC3EDDB006AFDA6 /* Base */,
			);
			name = LaunchScreen.storyboard;
			sourceTree = "<group>";
		};
/* End PBXVariantGroup section */

/* Begin XCBuildConfiguration section */
		2A2F71E51EC3EDDC006AFDA6 /* Debug */ = {
			isa = XCBuildConfiguration;
			buildSettings = {
				ALWAYS_SEARCH_USER_PATHS = NO;
				CLANG_ANALYZER_NONNULL = YES;
				CLANG_ANALYZER_NUMBER_OBJECT_CONVERSION = YES_AGGRESSIVE;
				CLANG_CXX_LANGUAGE_STANDARD = "gnu++0x";
				CLANG_CXX_LIBRARY = "libc++";
				CLANG_ENABLE_MODULES = YES;
				CLANG_ENABLE_OBJC_ARC = YES;
				CLANG_WARN_BOOL_CONVERSION = YES;
				CLANG_WARN_CONSTANT_CONVERSION = YES;
				CLANG_WARN_DIRECT_OBJC_ISA_USAGE = YES_ERROR;
				CLANG_WARN_DOCUMENTATION_COMMENTS = YES;
				CLANG_WARN_EMPTY_BODY = YES;
				CLANG_WARN_ENUM_CONVERSION = YES;
				CLANG_WARN_INFINITE_RECURSION = YES;
				CLANG_WARN_INT_CONVERSION = YES;
				CLANG_WARN_OBJC_ROOT_CLASS = YES_ERROR;
				CLANG_WARN_SUSPICIOUS_MOVE = YES;
				CLANG_WARN_UNREACHABLE_CODE = YES;
				CLANG_WARN__DUPLICATE_METHOD_MATCH = YES;
				"CODE_SIGN_IDENTITY[sdk=iphoneos*]" = "iPhone Developer";
				COPY_PHASE_STRIP = NO;
				DEBUG_INFORMATION_FORMAT = dwarf;
				ENABLE_STRICT_OBJC_MSGSEND = YES;
				ENABLE_TESTABILITY = YES;
				GCC_C_LANGUAGE_STANDARD = gnu99;
				GCC_DYNAMIC_NO_PIC = NO;
				GCC_NO_COMMON_BLOCKS = YES;
				GCC_OPTIMIZATION_LEVEL = 0;
				GCC_PREPROCESSOR_DEFINITIONS = (
					"DEBUG=1",
					"$(inherited)",
				);
				GCC_WARN_64_TO_32_BIT_CONVERSION = YES;
				GCC_WARN_ABOUT_RETURN_TYPE = YES_ERROR;
				GCC_WARN_UNDECLARED_SELECTOR = YES;
				GCC_WARN_UNINITIALIZED_AUTOS = YES_AGGRESSIVE;
				GCC_WARN_UNUSED_FUNCTION = YES;
				GCC_WARN_UNUSED_VARIABLE = YES;
				IPHONEOS_DEPLOYMENT_TARGET = 10.3;
				MTL_ENABLE_DEBUG_INFO = YES;
				ONLY_ACTIVE_ARCH = YES;
				SDKROOT = iphoneos;
			};
			name = Debug;
		};
		2A2F71E61EC3EDDC006AFDA6 /* Release */ = {
			isa = XCBuildConfiguration;
			buildSettings = {
				ALWAYS_SEARCH_USER_PATHS = NO;
				CLANG_ANALYZER_NONNULL = YES;
				CLANG_ANALYZER_NUMBER_OBJECT_CONVERSION = YES_AGGRESSIVE;
				CLANG_CXX_LANGUAGE_STANDARD = "gnu++0x";
				CLANG_CXX_LIBRARY = "libc++";
				CLANG_ENABLE_MODULES = YES;
				CLANG_ENABLE_OBJC_ARC = YES;
				CLANG_WARN_BOOL_CONVERSION = YES;
				CLANG_WARN_CONSTANT_CONVERSION = YES;
				CLANG_WARN_DIRECT_OBJC_ISA_USAGE = YES_ERROR;
				CLANG_WARN_DOCUMENTATION_COMMENTS = YES;
				CLANG_WARN_EMPTY_BODY = YES;
				CLANG_WARN_ENUM_CONVERSION = YES;
				CLANG_WARN_INFINITE_RECURSION = YES;
				CLANG_WARN_INT_CONVERSION = YES;
				CLANG_WARN_OBJC_ROOT_CLASS = YES_ERROR;
				CLANG_WARN_SUSPICIOUS_MOVE = YES;
				CLANG_WARN_UNREACHABLE_CODE = YES;
				CLANG_WARN__DUPLICATE_METHOD_MATCH = YES;
				"CODE_SIGN_IDENTITY[sdk=iphoneos*]" = "iPhone Developer";
				COPY_PHASE_STRIP = NO;
				DEBUG_INFORMATION_FORMAT = "dwarf-with-dsym";
				ENABLE_NS_ASSERTIONS = NO;
				ENABLE_STRICT_OBJC_MSGSEND = YES;
				GCC_C_LANGUAGE_STANDARD = gnu99;
				GCC_NO_COMMON_BLOCKS = YES;
				GCC_WARN_64_TO_32_BIT_CONVERSION = YES;
				GCC_WARN_ABOUT_RETURN_TYPE = YES_ERROR;
				GCC_WARN_UNDECLARED_SELECTOR = YES;
				GCC_WARN_UNINITIALIZED_AUTOS = YES_AGGRESSIVE;
				GCC_WARN_UNUSED_FUNCTION = YES;
				GCC_WARN_UNUSED_VARIABLE = YES;
				IPHONEOS_DEPLOYMENT_TARGET = 10.3;
				MTL_ENABLE_DEBUG_INFO = NO;
				SDKROOT = iphoneos;
				VALIDATE_PRODUCT = YES;
			};
			name = Release;
		};
		2A2F71E81EC3EDDC006AFDA6 /* Debug */ = {
			isa = XCBuildConfiguration;
			buildSettings = {
				ASSETCATALOG_COMPILER_APPICON_NAME = AppIcon;
				INFOPLIST_FILE = SortCode/Info.plist;
				LD_RUNPATH_SEARCH_PATHS = "$(inherited) @executable_path/Frameworks";
				PRODUCT_BUNDLE_IDENTIFIER = com.dzqc.SortCode;
				PRODUCT_NAME = "$(TARGET_NAME)";
			};
			name = Debug;
		};
		2A2F71E91EC3EDDC006AFDA6 /* Release */ = {
			isa = XCBuildConfiguration;
			buildSettings = {
				ASSETCATALOG_COMPILER_APPICON_NAME = AppIcon;
				INFOPLIST_FILE = SortCode/Info.plist;
				LD_RUNPATH_SEARCH_PATHS = "$(inherited) @executable_path/Frameworks";
				PRODUCT_BUNDLE_IDENTIFIER = com.dzqc.SortCode;
				PRODUCT_NAME = "$(TARGET_NAME)";
			};
			name = Release;
		};
		2A2F71EB1EC3EDDC006AFDA6 /* Debug */ = {
			isa = XCBuildConfiguration;
			buildSettings = {
				BUNDLE_LOADER = "$(TEST_HOST)";
				INFOPLIST_FILE = SortCodeTests/Info.plist;
				LD_RUNPATH_SEARCH_PATHS = "$(inherited) @executable_path/Frameworks @loader_path/Frameworks";
				PRODUCT_BUNDLE_IDENTIFIER = com.dzqc.SortCodeTests;
				PRODUCT_NAME = "$(TARGET_NAME)";
				TEST_HOST = "$(BUILT_PRODUCTS_DIR)/SortCode.app/SortCode";
			};
			name = Debug;
		};
		2A2F71EC1EC3EDDC006AFDA6 /* Release */ = {
			isa = XCBuildConfiguration;
			buildSettings = {
				BUNDLE_LOADER = "$(TEST_HOST)";
				INFOPLIST_FILE = SortCodeTests/Info.plist;
				LD_RUNPATH_SEARCH_PATHS = "$(inherited) @executable_path/Frameworks @loader_path/Frameworks";
				PRODUCT_BUNDLE_IDENTIFIER = com.dzqc.SortCodeTests;
				PRODUCT_NAME = "$(TARGET_NAME)";
				TEST_HOST = "$(BUILT_PRODUCTS_DIR)/SortCode.app/SortCode";
			};
			name = Release;
		};
		2A2F71EE1EC3EDDC006AFDA6 /* Debug */ = {
			isa = XCBuildConfiguration;
			buildSettings = {
				INFOPLIST_FILE = SortCodeUITests/Info.plist;
				LD_RUNPATH_SEARCH_PATHS = "$(inherited) @executable_path/Frameworks @loader_path/Frameworks";
				PRODUCT_BUNDLE_IDENTIFIER = com.dzqc.SortCodeUITests;
				PRODUCT_NAME = "$(TARGET_NAME)";
				TEST_TARGET_NAME = SortCode;
			};
			name = Debug;
		};
		2A2F71EF1EC3EDDC006AFDA6 /* Release */ = {
			isa = XCBuildConfiguration;
			buildSettings = {
				INFOPLIST_FILE = SortCodeUITests/Info.plist;
				LD_RUNPATH_SEARCH_PATHS = "$(inherited) @executable_path/Frameworks @loader_path/Frameworks";
				PRODUCT_BUNDLE_IDENTIFIER = com.dzqc.SortCodeUITests;
				PRODUCT_NAME = "$(TARGET_NAME)";
				TEST_TARGET_NAME = SortCode;
			};
			name = Release;
		};
/* End XCBuildConfiguration section */

/* Begin XCConfigurationList section */
		2A2F71B51EC3EDDB006AFDA6 /* Build configuration list for PBXProject "SortCode" */ = {
			isa = XCConfigurationList;
			buildConfigurations = (
				2A2F71E51EC3EDDC006AFDA6 /* Debug */,
				2A2F71E61EC3EDDC006AFDA6 /* Release */,
			);
			defaultConfigurationIsVisible = 0;
			defaultConfigurationName = Release;
		};
		2A2F71E71EC3EDDC006AFDA6 /* Build configuration list for PBXNativeTarget "SortCode" */ = {
			isa = XCConfigurationList;
			buildConfigurations = (
				2A2F71E81EC3EDDC006AFDA6 /* Debug */,
				2A2F71E91EC3EDDC006AFDA6 /* Release */,
			);
			defaultConfigurationIsVisible = 0;
		};
		2A2F71EA1EC3EDDC006AFDA6 /* Build configuration list for PBXNativeTarget "SortCodeTests" */ = {
			isa = XCConfigurationList;
			buildConfigurations = (
				2A2F71EB1EC3EDDC006AFDA6 /* Debug */,
				2A2F71EC1EC3EDDC006AFDA6 /* Release */,
			);
			defaultConfigurationIsVisible = 0;
		};
		2A2F71ED1EC3EDDC006AFDA6 /* Build configuration list for PBXNativeTarget "SortCodeUITests" */ = {
			isa = XCConfigurationList;
			buildConfigurations = (
				2A2F71EE1EC3EDDC006AFDA6 /* Debug */,
				2A2F71EF1EC3EDDC006AFDA6 /* Release */,
			);
			defaultConfigurationIsVisible = 0;
		};
/* End XCConfigurationList section */
	};
	rootObject = 2A2F71B21EC3EDDB006AFDA6 /* Project object */;
}
